# This file was autogenerated by Stack.
# You should not edit this file by hand.
# For more information, please see the documentation at:
#   https://docs.haskellstack.org/en/stable/lock_files

packages:
- completed:
    hackage: extensible-0.9@sha256:a93b7e55ccf0407915a2a60944b73577c50377f75de2c28d5a3acac96d231fcd,3344
    pantry-tree:
      sha256: aa0afe76b3c419438d09d173ac6080916d40bdcb6749dc2c7693983840a8f00e
      size: 2040
  original:
    hackage: extensible-0.9
- completed:
    hackage: membership-0.0.1@sha256:6c4d4ab6e3fb3253c6c670e8a63f74454dc91be50b9f292d0b1355792190aee5,999
    pantry-tree:
      sha256: b918a1a207108313b2bf453b0d9aa65122d9845c4b360c8ade46d3429ff1107a
      size: 408
  original:
    hackage: membership-0.0.1
- completed:
    hackage: fallible-0.1.0@sha256:0e0032c34120a43bf1d446172162b546e36441c38f620afb24e9d447ed7ce6b6,1312
    pantry-tree:
      sha256: 7de6ccd3ae9fa01eafdb02afdd5a50f1f6babf48aeb31afa21d0329f0fdd19d1
      size: 369
  original:
    hackage: fallible-0.1.0
- completed:
    hackage: incremental-0.3.1@sha256:9c697bae4f7e5ceb144bde13e03ca2f36b4bc2d0c92bbc02e0a604231ee279c2,1153
    pantry-tree:
      sha256: fd5f40352dbf1602babd2c5db2a120c26e57bbd5ad30b19ce24d04189f6a18d1
      size: 370
  original:
    hackage: incremental-0.3.1
- completed:
    name: mix
    pantry-tree:
      sha256: c1ead54fea3c786e356dadde2301de201599c10e18bc0be32aa8a2e3569930aa
      size: 663
    sha256: e6ddd7f45a74d368fede8656194fbf1dd9928a903852500c3c2cd4985d821649
    size: 12123
    subdir: mix
    url: https://github.com/matsubara0507/mix.hs/archive/9bcd386526fe10a025a23e951c2de86b05129b17.tar.gz
    version: 0.1.1
  original:
    subdir: mix
    url: https://github.com/matsubara0507/mix.hs/archive/9bcd386526fe10a025a23e951c2de86b05129b17.tar.gz
- completed:
    name: mix-json-logger
    pantry-tree:
      sha256: 7dcec7237b58fc21fd53b19a88c37a680fdd16cc2994e7bb90ed38e83b3d8768
      size: 334
    sha256: e6ddd7f45a74d368fede8656194fbf1dd9928a903852500c3c2cd4985d821649
    size: 12123
    subdir: mix-json-logger
    url: https://github.com/matsubara0507/mix.hs/archive/9bcd386526fe10a025a23e951c2de86b05129b17.tar.gz
    version: 0.1.0
  original:
    subdir: mix-json-logger
    url: https://github.com/matsubara0507/mix.hs/archive/9bcd386526fe10a025a23e951c2de86b05129b17.tar.gz
- completed:
    name: mix-plugin-github
    pantry-tree:
      sha256: c12925af9288415df9626130d555a09b2b27e26a04ecf1530ce65cff704cfdc4
      size: 458
    sha256: e6ddd7f45a74d368fede8656194fbf1dd9928a903852500c3c2cd4985d821649
    size: 12123
    subdir: mix-plugin-github
    url: https://github.com/matsubara0507/mix.hs/archive/9bcd386526fe10a025a23e951c2de86b05129b17.tar.gz
    version: 0.3.0
  original:
    subdir: mix-plugin-github
    url: https://github.com/matsubara0507/mix.hs/archive/9bcd386526fe10a025a23e951c2de86b05129b17.tar.gz
snapshots:
- completed:
    sha256: adbc602422dde10cc330175da7de8609e70afc41449a7e2d6e8b1827aa0e5008
    size: 649342
    url: https://raw.githubusercontent.com/commercialhaskell/stackage-snapshots/master/lts/20/11.yaml
  original: lts-20.11
