# This file was autogenerated by Stack.
# You should not edit this file by hand.
# For more information, please see the documentation at:
#   https://docs.haskellstack.org/en/stable/lock_files

packages:
- completed:
    hackage: extensible-0.8.2@sha256:a7b21b3fa1fb752f0d2c00aeff8568cf14e6423f8ba6b2eb0bbd34eafe4e029a,3097
    pantry-tree:
      size: 2041
      sha256: da80a9c932c9020aece77c53283d3da3d38e5fb7f327d0a25bfe12e817a238b1
  original:
    hackage: extensible-0.8.2
- completed:
    hackage: membership-0.0.1@sha256:6c4d4ab6e3fb3253c6c670e8a63f74454dc91be50b9f292d0b1355792190aee5,999
    pantry-tree:
      size: 408
      sha256: b918a1a207108313b2bf453b0d9aa65122d9845c4b360c8ade46d3429ff1107a
  original:
    hackage: membership-0.0.1
- completed:
    hackage: fallible-0.1.0@sha256:0e0032c34120a43bf1d446172162b546e36441c38f620afb24e9d447ed7ce6b6,1312
    pantry-tree:
      size: 369
      sha256: 7de6ccd3ae9fa01eafdb02afdd5a50f1f6babf48aeb31afa21d0329f0fdd19d1
  original:
    hackage: fallible-0.1.0
- completed:
    hackage: incremental-0.3.1@sha256:9c697bae4f7e5ceb144bde13e03ca2f36b4bc2d0c92bbc02e0a604231ee279c2,1153
    pantry-tree:
      size: 370
      sha256: fd5f40352dbf1602babd2c5db2a120c26e57bbd5ad30b19ce24d04189f6a18d1
  original:
    hackage: incremental-0.3.1
- completed:
    hackage: binary-instances-1.0.2@sha256:4a458e5910f21fbabb6a8cd59fdb01c66b50252553f5248ee9093fe3faabad7b,2699
    pantry-tree:
      size: 1036
      sha256: 9f3e01b59f531eb4155dc1de6a14b75eb6df4331cea5df6816b936c9e3935602
  original:
    hackage: binary-instances-1.0.2
- completed:
    size: 11913
    subdir: mix
    url: https://github.com/matsubara0507/mix.hs/archive/75714be080db16f6a4f9d0a22e86947ffcdadc57.tar.gz
    name: mix
    version: 0.1.1
    sha256: c4aa501c544ab35a214e7b07f2f97fb19de644f48874c8d6838809bcf4d8edb9
    pantry-tree:
      size: 598
      sha256: 689bed307dc233a6c50e01f00295a079dc40a4291700646f3ca423d714ba35fc
  original:
    subdir: mix
    url: https://github.com/matsubara0507/mix.hs/archive/75714be080db16f6a4f9d0a22e86947ffcdadc57.tar.gz
- completed:
    size: 11913
    subdir: mix-json-logger
    url: https://github.com/matsubara0507/mix.hs/archive/75714be080db16f6a4f9d0a22e86947ffcdadc57.tar.gz
    name: mix-json-logger
    version: 0.1.0
    sha256: c4aa501c544ab35a214e7b07f2f97fb19de644f48874c8d6838809bcf4d8edb9
    pantry-tree:
      size: 334
      sha256: 372be4778ce622e4ed87a5c77b4aa547a12da67c01570f2927f7a82ad9ec509d
  original:
    subdir: mix-json-logger
    url: https://github.com/matsubara0507/mix.hs/archive/75714be080db16f6a4f9d0a22e86947ffcdadc57.tar.gz
- completed:
    size: 11913
    subdir: mix-plugin-github
    url: https://github.com/matsubara0507/mix.hs/archive/75714be080db16f6a4f9d0a22e86947ffcdadc57.tar.gz
    name: mix-plugin-github
    version: 0.3.0
    sha256: c4aa501c544ab35a214e7b07f2f97fb19de644f48874c8d6838809bcf4d8edb9
    pantry-tree:
      size: 458
      sha256: 1e6b6c09e62afbd5947ab33f976fb6163a12510477381554d6888adb7e1f39db
  original:
    subdir: mix-plugin-github
    url: https://github.com/matsubara0507/mix.hs/archive/75714be080db16f6a4f9d0a22e86947ffcdadc57.tar.gz
- completed:
    size: 91408
    url: https://github.com/phadej/github/archive/81d9b658c33a706f18418211a78d2690752518a4.tar.gz
    name: github
    version: '0.27'
    sha256: 27fbbc38ac49144038f98a087fbaa3153927f4f50ab079abc83c46aa6c0fc68f
    pantry-tree:
      size: 16684
      sha256: 2522018631eb3ab522b5787b6ea80e359663e3c84d336f8b36a5fe1a0576b41b
  original:
    url: https://github.com/phadej/github/archive/81d9b658c33a706f18418211a78d2690752518a4.tar.gz
snapshots:
- completed:
    size: 586110
    url: https://raw.githubusercontent.com/commercialhaskell/stackage-snapshots/master/lts/18/21.yaml
    sha256: ce4fb8d44f3c6c6032060a02e0ebb1bd29937c9a70101c1517b92a87d9515160
  original: lts-18.21
